// !$*UTF8*$!
{
	archiveVersion = 1;
	classes = {
	};
	objectVersion = 46;
	objects = {

/* Begin PBXBuildFile section */
		7D3C25631C81C3C40009252D /* main.m in Sources */ = {isa = PBXBuildFile; fileRef = 7D3C25621C81C3C40009252D /* main.m */; };
		7D3C25661C81C3C40009252D /* AppDelegate.m in Sources */ = {isa = PBXBuildFile; fileRef = 7D3C25651C81C3C40009252D /* AppDelegate.m */; };
		7D3C25691C81C3C40009252D /* ViewController.m in Sources */ = {isa = PBXBuildFile; fileRef = 7D3C25681C81C3C40009252D /* ViewController.m */; };
		7D3C256C1C81C3C40009252D /* Main.storyboard in Resources */ = {isa = PBXBuildFile; fileRef = 7D3C256A1C81C3C40009252D /* Main.storyboard */; };
		7D3C256E1C81C3C40009252D /* Images.xcassets in Resources */ = {isa = PBXBuildFile; fileRef = 7D3C256D1C81C3C40009252D /* Images.xcassets */; };
		7D3C25711C81C3C40009252D /* LaunchScreen.xib in Resources */ = {isa = PBXBuildFile; fileRef = 7D3C256F1C81C3C40009252D /* LaunchScreen.xib */; };
		7D3C257D1C81C3C40009252D /* UIWebView__Tests.m in Sources */ = {isa = PBXBuildFile; fileRef = 7D3C257C1C81C3C40009252D /* UIWebView__Tests.m */; };
		7D3C25881C81C3E50009252D /* login.html in Resources */ = {isa = PBXBuildFile; fileRef = 7D3C25861C81C3E50009252D /* login.html */; };
		7D3C25891C81C3E50009252D /* index.html in Resources */ = {isa = PBXBuildFile; fileRef = 7D3C25871C81C3E50009252D /* index.html */; };
/* End PBXBuildFile section */

/* Begin PBXContainerItemProxy section */
		7D3C25771C81C3C40009252D /* PBXContainerItemProxy */ = {
			isa = PBXContainerItemProxy;
			containerPortal = 7D3C25551C81C3C30009252D /* Project object */;
			proxyType = 1;
			remoteGlobalIDString = 7D3C255C1C81C3C40009252D;
			remoteInfo = "UIWebView代理";
		};
/* End PBXContainerItemProxy section */

/* Begin PBXFileReference section */
		7D3C255D1C81C3C40009252D /* UIWebView代理.app */ = {isa = PBXFileReference; explicitFileType = wrapper.application; includeInIndex = 0; path = "UIWebView代理.app"; sourceTree = BUILT_PRODUCTS_DIR; };
		7D3C25611C81C3C40009252D /* Info.plist */ = {isa = PBXFileReference; lastKnownFileType = text.plist.xml; path = Info.plist; sourceTree = "<group>"; };
		7D3C25621C81C3C40009252D /* main.m */ = {isa = PBXFileReference; lastKnownFileType = sourcecode.c.objc; path = main.m; sourceTree = "<group>"; };
		7D3C25641C81C3C40009252D /* AppDelegate.h */ = {isa = PBXFileReference; lastKnownFileType = sourcecode.c.h; path = AppDelegate.h; sourceTree = "<group>"; };
		7D3C25651C81C3C40009252D /* AppDelegate.m */ = {isa = PBXFileReference; lastKnownFileType = sourcecode.c.objc; path = AppDelegate.m; sourceTree = "<group>"; };
		7D3C25671C81C3C40009252D /* ViewController.h */ = {isa = PBXFileReference; lastKnownFileType = sourcecode.c.h; path = ViewController.h; sourceTree = "<group>"; };
		7D3C25681C81C3C40009252D /* ViewController.m */ = {isa = PBXFileReference; lastKnownFileType = sourcecode.c.objc; path = ViewController.m; sourceTree = "<group>"; };
		7D3C256B1C81C3C40009252D /* Base */ = {isa = PBXFileReference; lastKnownFileType = file.storyboard; name = Base; path = Base.lproj/Main.storyboard; sourceTree = "<group>"; };
		7D3C256D1C81C3C40009252D /* Images.xcassets */ = {isa = PBXFileReference; lastKnownFileType = folder.assetcatalog; path = Images.xcassets; sourceTree = "<group>"; };
		7D3C25701C81C3C40009252D /* Base */ = {isa = PBXFileReference; lastKnownFileType = file.xib; name = Base; path = Base.lproj/LaunchScreen.xib; sourceTree = "<group>"; };
		7D3C25761C81C3C40009252D /* UIWebView代理Tests.xctest */ = {isa = PBXFileReference; explicitFileType = wrapper.cfbundle; includeInIndex = 0; path = "UIWebView代理Tests.xctest"; sourceTree = BUILT_PRODUCTS_DIR; };
		7D3C257B1C81C3C40009252D /* Info.plist */ = {isa = PBXFileReference; lastKnownFileType = text.plist.xml; path = Info.plist; sourceTree = "<group>"; };
		7D3C257C1C81C3C40009252D /* UIWebView__Tests.m */ = {isa = PBXFileReference; lastKnownFileType = sourcecode.c.objc; path = UIWebView__Tests.m; sourceTree = "<group>"; };
		7D3C25861C81C3E50009252D /* login.html */ = {isa = PBXFileReference; fileEncoding = 4; lastKnownFileType = text.html; path = login.html; sourceTree = "<group>"; };
		7D3C25871C81C3E50009252D /* index.html */ = {isa = PBXFileReference; fileEncoding = 4; lastKnownFileType = text.html; path = index.html; sourceTree = "<group>"; };
/* End PBXFileReference section */

/* Begin PBXFrameworksBuildPhase section */
		7D3C255A1C81C3C40009252D /* Frameworks */ = {
			isa = PBXFrameworksBuildPhase;
			buildActionMask = 2147483647;
			files = (
			);
			runOnlyForDeploymentPostprocessing = 0;
		};
		7D3C25731C81C3C40009252D /* Frameworks */ = {
			isa = PBXFrameworksBuildPhase;
			buildActionMask = 2147483647;
			files = (
			);
			runOnlyForDeploymentPostprocessing = 0;
		};
/* End PBXFrameworksBuildPhase section */

/* Begin PBXGroup section */
		7D3C25541C81C3C30009252D = {
			isa = PBXGroup;
			children = (
				7D3C255F1C81C3C40009252D /* UIWebView代理 */,
				7D3C25791C81C3C40009252D /* UIWebView代理Tests */,
				7D3C255E1C81C3C40009252D /* Products */,
			);
			sourceTree = "<group>";
		};
		7D3C255E1C81C3C40009252D /* Products */ = {
			isa = PBXGroup;
			children = (
				7D3C255D1C81C3C40009252D /* UIWebView代理.app */,
				7D3C25761C81C3C40009252D /* UIWebView代理Tests.xctest */,
			);
			name = Products;
			sourceTree = "<group>";
		};
		7D3C255F1C81C3C40009252D /* UIWebView代理 */ = {
			isa = PBXGroup;
			children = (
				7D3C25641C81C3C40009252D /* AppDelegate.h */,
				7D3C25651C81C3C40009252D /* AppDelegate.m */,
				7D3C25671C81C3C40009252D /* ViewController.h */,
				7D3C25681C81C3C40009252D /* ViewController.m */,
				7D3C256A1C81C3C40009252D /* Main.storyboard */,
				7D3C256D1C81C3C40009252D /* Images.xcassets */,
				7D3C256F1C81C3C40009252D /* LaunchScreen.xib */,
				7D3C25601C81C3C40009252D /* Supporting Files */,
			);
			path = "UIWebView代理";
			sourceTree = "<group>";
		};
		7D3C25601C81C3C40009252D /* Supporting Files */ = {
			isa = PBXGroup;
			children = (
				7D3C25861C81C3E50009252D /* login.html */,
				7D3C25871C81C3E50009252D /* index.html */,
				7D3C25611C81C3C40009252D /* Info.plist */,
				7D3C25621C81C3C40009252D /* main.m */,
			);
			name = "Supporting Files";
			sourceTree = "<group>";
		};
		7D3C25791C81C3C40009252D /* UIWebView代理Tests */ = {
			isa = PBXGroup;
			children = (
				7D3C257C1C81C3C40009252D /* UIWebView__Tests.m */,
				7D3C257A1C81C3C40009252D /* Supporting Files */,
			);
			path = "UIWebView代理Tests";
			sourceTree = "<group>";
		};
		7D3C257A1C81C3C40009252D /* Supporting Files */ = {
			isa = PBXGroup;
			children = (
				7D3C257B1C81C3C40009252D /* Info.plist */,
			);
			name = "Supporting Files";
			sourceTree = "<group>";
		};
/* End PBXGroup section */

/* Begin PBXNativeTarget section */
		7D3C255C1C81C3C40009252D /* UIWebView代理 */ = {
			isa = PBXNativeTarget;
			buildConfigurationList = 7D3C25801C81C3C40009252D /* Build configuration list for PBXNativeTarget "UIWebView代理" */;
			buildPhases = (
				7D3C25591C81C3C40009252D /* Sources */,
				7D3C255A1C81C3C40009252D /* Frameworks */,
				7D3C255B1C81C3C40009252D /* Resources */,
			);
			buildRules = (
			);
			dependencies = (
			);
			name = "UIWebView代理";
			productName = "UIWebView代理";
			productReference = 7D3C255D1C81C3C40009252D /* UIWebView代理.app */;
			productType = "com.apple.product-type.application";
		};
		7D3C25751C81C3C40009252D /* UIWebView代理Tests */ = {
			isa = PBXNativeTarget;
			buildConfigurationList = 7D3C25831C81C3C40009252D /* Build configuration list for PBXNativeTarget "UIWebView代理Tests" */;
			buildPhases = (
				7D3C25721C81C3C40009252D /* Sources */,
				7D3C25731C81C3C40009252D /* Frameworks */,
				7D3C25741C81C3C40009252D /* Resources */,
			);
			buildRules = (
			);
			dependencies = (
				7D3C25781C81C3C40009252D /* PBXTargetDependency */,
			);
			name = "UIWebView代理Tests";
			productName = "UIWebView代理Tests";
			productReference = 7D3C25761C81C3C40009252D /* UIWebView代理Tests.xctest */;
			productType = "com.apple.product-type.bundle.unit-test";
		};
/* End PBXNativeTarget section */

/* Begin PBXProject section */
		7D3C25551C81C3C30009252D /* Project object */ = {
			isa = PBXProject;
			attributes = {
				LastUpgradeCheck = 0640;
				ORGANIZATIONNAME = NFL;
				TargetAttributes = {
					7D3C255C1C81C3C40009252D = {
						CreatedOnToolsVersion = 6.4;
					};
					7D3C25751C81C3C40009252D = {
						CreatedOnToolsVersion = 6.4;
						TestTargetID = 7D3C255C1C81C3C40009252D;
					};
				};
			};
			buildConfigurationList = 7D3C25581C81C3C30009252D /* Build configuration list for PBXProject "UIWebView代理" */;
			compatibilityVersion = "Xcode 3.2";
			developmentRegion = English;
			hasScannedForEncodings = 0;
			knownRegions = (
				en,
				Base,
			);
			mainGroup = 7D3C25541C81C3C30009252D;
			productRefGroup = 7D3C255E1C81C3C40009252D /* Products */;
			projectDirPath = "";
			projectRoot = "";
			targets = (
				7D3C255C1C81C3C40009252D /* UIWebView代理 */,
				7D3C25751C81C3C40009252D /* UIWebView代理Tests */,
			);
		};
/* End PBXProject section */

/* Begin PBXResourcesBuildPhase section */
		7D3C255B1C81C3C40009252D /* Resources */ = {
			isa = PBXResourcesBuildPhase;
			buildActionMask = 2147483647;
			files = (
				7D3C25891C81C3E50009252D /* index.html in Resources */,
				7D3C256C1C81C3C40009252D /* Main.storyboard in Resources */,
				7D3C25711C81C3C40009252D /* LaunchScreen.xib in Resources */,
				7D3C25881C81C3E50009252D /* login.html in Resources */,
				7D3C256E1C81C3C40009252D /* Images.xcassets in Resources */,
			);
			runOnlyForDeploymentPostprocessing = 0;
		};
		7D3C25741C81C3C40009252D /* Resources */ = {
			isa = PBXResourcesBuildPhase;
			buildActionMask = 2147483647;
			files = (
			);
			runOnlyForDeploymentPostprocessing = 0;
		};
/* End PBXResourcesBuildPhase section */

/* Begin PBXSourcesBuildPhase section */
		7D3C25591C81C3C40009252D /* Sources */ = {
			isa = PBXSourcesBuildPhase;
			buildActionMask = 2147483647;
			files = (
				7D3C25691C81C3C40009252D /* ViewController.m in Sources */,
				7D3C25661C81C3C40009252D /* AppDelegate.m in Sources */,
				7D3C25631C81C3C40009252D /* main.m in Sources */,
			);
			runOnlyForDeploymentPostprocessing = 0;
		};
		7D3C25721C81C3C40009252D /* Sources */ = {
			isa = PBXSourcesBuildPhase;
			buildActionMask = 2147483647;
			files = (
				7D3C257D1C81C3C40009252D /* UIWebView__Tests.m in Sources */,
			);
			runOnlyForDeploymentPostprocessing = 0;
		};
/* End PBXSourcesBuildPhase section */

/* Begin PBXTargetDependency section */
		7D3C25781C81C3C40009252D /* PBXTargetDependency */ = {
			isa = PBXTargetDependency;
			target = 7D3C255C1C81C3C40009252D /* UIWebView代理 */;
			targetProxy = 7D3C25771C81C3C40009252D /* PBXContainerItemProxy */;
		};
/* End PBXTargetDependency section */

/* Begin PBXVariantGroup section */
		7D3C256A1C81C3C40009252D /* Main.storyboard */ = {
			isa = PBXVariantGroup;
			children = (
				7D3C256B1C81C3C40009252D /* Base */,
			);
			name = Main.storyboard;
			sourceTree = "<group>";
		};
		7D3C256F1C81C3C40009252D /* LaunchScreen.xib */ = {
			isa = PBXVariantGroup;
			children = (
				7D3C25701C81C3C40009252D /* Base */,
			);
			name = LaunchScreen.xib;
			sourceTree = "<group>";
		};
/* End PBXVariantGroup section */

/* Begin XCBuildConfiguration section */
		7D3C257E1C81C3C40009252D /* Debug */ = {
			isa = XCBuildConfiguration;
			buildSettings = {
				ALWAYS_SEARCH_USER_PATHS = NO;
				CLANG_CXX_LANGUAGE_STANDARD = "gnu++0x";
				CLANG_CXX_LIBRARY = "libc++";
				CLANG_ENABLE_MODULES = YES;
				CLANG_ENABLE_OBJC_ARC = YES;
				CLANG_WARN_BOOL_CONVERSION = YES;
				CLANG_WARN_CONSTANT_CONVERSION = YES;
				CLANG_WARN_DIRECT_OBJC_ISA_USAGE = YES_ERROR;
				CLANG_WARN_EMPTY_BODY = YES;
				CLANG_WARN_ENUM_CONVERSION = YES;
				CLANG_WARN_INT_CONVERSION = YES;
				CLANG_WARN_OBJC_ROOT_CLASS = YES_ERROR;
				CLANG_WARN_UNREACHABLE_CODE = YES;
				CLANG_WARN__DUPLICATE_METHOD_MATCH = YES;
				"CODE_SIGN_IDENTITY[sdk=iphoneos*]" = "iPhone Developer";
				COPY_PHASE_STRIP = NO;
				DEBUG_INFORMATION_FORMAT = "dwarf-with-dsym";
				ENABLE_STRICT_OBJC_MSGSEND = YES;
				GCC_C_LANGUAGE_STANDARD = gnu99;
				GCC_DYNAMIC_NO_PIC = NO;
				GCC_NO_COMMON_BLOCKS = YES;
				GCC_OPTIMIZATION_LEVEL = 0;
				GCC_PREPROCESSOR_DEFINITIONS = (
					"DEBUG=1",
					"$(inherited)",
				);
				GCC_SYMBOLS_PRIVATE_EXTERN = NO;
				GCC_WARN_64_TO_32_BIT_CONVERSION = YES;
				GCC_WARN_ABOUT_RETURN_TYPE = YES_ERROR;
				GCC_WARN_UNDECLARED_SELECTOR = YES;
				GCC_WARN_UNINITIALIZED_AUTOS = YES_AGGRESSIVE;
				GCC_WARN_UNUSED_FUNCTION = YES;
				GCC_WARN_UNUSED_VARIABLE = YES;
				IPHONEOS_DEPLOYMENT_TARGET = 8.4;
				MTL_ENABLE_DEBUG_INFO = YES;
				ONLY_ACTIVE_ARCH = YES;
				SDKROOT = iphoneos;
			};
			name = Debug;
		};
		7D3C257F1C81C3C40009252D /* Release */ = {
			isa = XCBuildConfiguration;
			buildSettings = {
				ALWAYS_SEARCH_USER_PATHS = NO;
				CLANG_CXX_LANGUAGE_STANDARD = "gnu++0x";
				CLANG_CXX_LIBRARY = "libc++";
				CLANG_ENABLE_MODULES = YES;
				CLANG_ENABLE_OBJC_ARC = YES;
				CLANG_WARN_BOOL_CONVERSION = YES;
				CLANG_WARN_CONSTANT_CONVERSION = YES;
				CLANG_WARN_DIRECT_OBJC_ISA_USAGE = YES_ERROR;
				CLANG_WARN_EMPTY_BODY = YES;
				CLANG_WARN_ENUM_CONVERSION = YES;
				CLANG_WARN_INT_CONVERSION = YES;
				CLANG_WARN_OBJC_ROOT_CLASS = YES_ERROR;
				CLANG_WARN_UNREACHABLE_CODE = YES;
				CLANG_WARN__DUPLICATE_METHOD_MATCH = YES;
				"CODE_SIGN_IDENTITY[sdk=iphoneos*]" = "iPhone Developer";
				COPY_PHASE_STRIP = NO;
				DEBUG_INFORMATION_FORMAT = "dwarf-with-dsym";
				ENABLE_NS_ASSERTIONS = NO;
				ENABLE_STRICT_OBJC_MSGSEND = YES;
				GCC_C_LANGUAGE_STANDARD = gnu99;
				GCC_NO_COMMON_BLOCKS = YES;
				GCC_WARN_64_TO_32_BIT_CONVERSION = YES;
				GCC_WARN_ABOUT_RETURN_TYPE = YES_ERROR;
				GCC_WARN_UNDECLARED_SELECTOR = YES;
				GCC_WARN_UNINITIALIZED_AUTOS = YES_AGGRESSIVE;
				GCC_WARN_UNUSED_FUNCTION = YES;
				GCC_WARN_UNUSED_VARIABLE = YES;
				IPHONEOS_DEPLOYMENT_TARGET = 8.4;
				MTL_ENABLE_DEBUG_INFO = NO;
				SDKROOT = iphoneos;
				VALIDATE_PRODUCT = YES;
			};
			name = Release;
		};
		7D3C25811C81C3C40009252D /* Debug */ = {
			isa = XCBuildConfiguration;
			buildSettings = {
				ASSETCATALOG_COMPILER_APPICON_NAME = AppIcon;
				FRAMEWORK_SEARCH_PATHS = (
					"$(inherited)",
					/Users/lelemonster/Setup,
				);
				INFOPLIST_FILE = "UIWebView代理/Info.plist";
				LD_RUNPATH_SEARCH_PATHS = "$(inherited) @executable_path/Frameworks";
				OTHER_LDFLAGS = "";
				PRODUCT_NAME = "$(TARGET_NAME)";
			};
			name = Debug;
		};
		7D3C25821C81C3C40009252D /* Release */ = {
			isa = XCBuildConfiguration;
			buildSettings = {
				ASSETCATALOG_COMPILER_APPICON_NAME = AppIcon;
				FRAMEWORK_SEARCH_PATHS = (
					"$(inherited)",
					/Users/lelemonster/Setup,
				);
				INFOPLIST_FILE = "UIWebView代理/Info.plist";
				LD_RUNPATH_SEARCH_PATHS = "$(inherited) @executable_path/Frameworks";
				OTHER_LDFLAGS = "";
				PRODUCT_NAME = "$(TARGET_NAME)";
			};
			name = Release;
		};
		7D3C25841C81C3C40009252D /* Debug */ = {
			isa = XCBuildConfiguration;
			buildSettings = {
				BUNDLE_LOADER = "$(TEST_HOST)";
				FRAMEWORK_SEARCH_PATHS = (
					"$(SDKROOT)/Developer/Library/Frameworks",
					"$(inherited)",
				);
				GCC_PREPROCESSOR_DEFINITIONS = (
					"DEBUG=1",
					"$(inherited)",
				);
				INFOPLIST_FILE = "UIWebView代理Tests/Info.plist";
				LD_RUNPATH_SEARCH_PATHS = "$(inherited) @executable_path/Frameworks @loader_path/Frameworks";
				PRODUCT_NAME = "$(TARGET_NAME)";
				TEST_HOST = "$(BUILT_PRODUCTS_DIR)/UIWebView代理.app/UIWebView代理";
			};
			name = Debug;
		};
		7D3C25851C81C3C40009252D /* Release */ = {
			isa = XCBuildConfiguration;
			buildSettings = {
				BUNDLE_LOADER = "$(TEST_HOST)";
				FRAMEWORK_SEARCH_PATHS = (
					"$(SDKROOT)/Developer/Library/Frameworks",
					"$(inherited)",
				);
				INFOPLIST_FILE = "UIWebView代理Tests/Info.plist";
				LD_RUNPATH_SEARCH_PATHS = "$(inherited) @executable_path/Frameworks @loader_path/Frameworks";
				PRODUCT_NAME = "$(TARGET_NAME)";
				TEST_HOST = "$(BUILT_PRODUCTS_DIR)/UIWebView代理.app/UIWebView代理";
			};
			name = Release;
		};
/* End XCBuildConfiguration section */

/* Begin XCConfigurationList section */
		7D3C25581C81C3C30009252D /* Build configuration list for PBXProject "UIWebView代理" */ = {
			isa = XCConfigurationList;
			buildConfigurations = (
				7D3C257E1C81C3C40009252D /* Debug */,
				7D3C257F1C81C3C40009252D /* Release */,
			);
			defaultConfigurationIsVisible = 0;
			defaultConfigurationName = Release;
		};
		7D3C25801C81C3C40009252D /* Build configuration list for PBXNativeTarget "UIWebView代理" */ = {
			isa = XCConfigurationList;
			buildConfigurations = (
				7D3C25811C81C3C40009252D /* Debug */,
				7D3C25821C81C3C40009252D /* Release */,
			);
			defaultConfigurationIsVisible = 0;
			defaultConfigurationName = Release;
		};
		7D3C25831C81C3C40009252D /* Build configuration list for PBXNativeTarget "UIWebView代理Tests" */ = {
			isa = XCConfigurationList;
			buildConfigurations = (
				7D3C25841C81C3C40009252D /* Debug */,
				7D3C25851C81C3C40009252D /* Release */,
			);
			defaultConfigurationIsVisible = 0;
			defaultConfigurationName = Release;
		};
/* End XCConfigurationList section */
	};
	rootObject = 7D3C25551C81C3C30009252D /* Project object */;
}
