// !$*UTF8*$!
{
	archiveVersion = 1;
	classes = {
	};
	objectVersion = 46;
	objects = {

/* Begin PBXBuildFile section */
		7D443D5E1BDC700C00EB4731 /* main.m in Sources */ = {isa = PBXBuildFile; fileRef = 7D443D5D1BDC700C00EB4731 /* main.m */; };
		7D443D611BDC700C00EB4731 /* AppDelegate.m in Sources */ = {isa = PBXBuildFile; fileRef = 7D443D601BDC700C00EB4731 /* AppDelegate.m */; };
		7D443D641BDC700C00EB4731 /* ViewController.m in Sources */ = {isa = PBXBuildFile; fileRef = 7D443D631BDC700C00EB4731 /* ViewController.m */; };
		7D443D671BDC700C00EB4731 /* Main.storyboard in Resources */ = {isa = PBXBuildFile; fileRef = 7D443D651BDC700C00EB4731 /* Main.storyboard */; };
		7D443D691BDC700C00EB4731 /* Images.xcassets in Resources */ = {isa = PBXBuildFile; fileRef = 7D443D681BDC700C00EB4731 /* Images.xcassets */; };
		7D443D6C1BDC700C00EB4731 /* LaunchScreen.xib in Resources */ = {isa = PBXBuildFile; fileRef = 7D443D6A1BDC700C00EB4731 /* LaunchScreen.xib */; };
		7D443D781BDC700C00EB4731 /* ____Tests.m in Sources */ = {isa = PBXBuildFile; fileRef = 7D443D771BDC700C00EB4731 /* ____Tests.m */; };
/* End PBXBuildFile section */

/* Begin PBXContainerItemProxy section */
		7D443D721BDC700C00EB4731 /* PBXContainerItemProxy */ = {
			isa = PBXContainerItemProxy;
			containerPortal = 7D443D501BDC700C00EB4731 /* Project object */;
			proxyType = 1;
			remoteGlobalIDString = 7D443D571BDC700C00EB4731;
			remoteInfo = "用户登录";
		};
/* End PBXContainerItemProxy section */

/* Begin PBXFileReference section */
		7D443D581BDC700C00EB4731 /* 用户登录.app */ = {isa = PBXFileReference; explicitFileType = wrapper.application; includeInIndex = 0; path = "用户登录.app"; sourceTree = BUILT_PRODUCTS_DIR; };
		7D443D5C1BDC700C00EB4731 /* Info.plist */ = {isa = PBXFileReference; lastKnownFileType = text.plist.xml; path = Info.plist; sourceTree = "<group>"; };
		7D443D5D1BDC700C00EB4731 /* main.m */ = {isa = PBXFileReference; lastKnownFileType = sourcecode.c.objc; path = main.m; sourceTree = "<group>"; };
		7D443D5F1BDC700C00EB4731 /* AppDelegate.h */ = {isa = PBXFileReference; lastKnownFileType = sourcecode.c.h; path = AppDelegate.h; sourceTree = "<group>"; };
		7D443D601BDC700C00EB4731 /* AppDelegate.m */ = {isa = PBXFileReference; lastKnownFileType = sourcecode.c.objc; path = AppDelegate.m; sourceTree = "<group>"; };
		7D443D621BDC700C00EB4731 /* ViewController.h */ = {isa = PBXFileReference; lastKnownFileType = sourcecode.c.h; path = ViewController.h; sourceTree = "<group>"; };
		7D443D631BDC700C00EB4731 /* ViewController.m */ = {isa = PBXFileReference; lastKnownFileType = sourcecode.c.objc; path = ViewController.m; sourceTree = "<group>"; };
		7D443D661BDC700C00EB4731 /* Base */ = {isa = PBXFileReference; lastKnownFileType = file.storyboard; name = Base; path = Base.lproj/Main.storyboard; sourceTree = "<group>"; };
		7D443D681BDC700C00EB4731 /* Images.xcassets */ = {isa = PBXFileReference; lastKnownFileType = folder.assetcatalog; path = Images.xcassets; sourceTree = "<group>"; };
		7D443D6B1BDC700C00EB4731 /* Base */ = {isa = PBXFileReference; lastKnownFileType = file.xib; name = Base; path = Base.lproj/LaunchScreen.xib; sourceTree = "<group>"; };
		7D443D711BDC700C00EB4731 /* 用户登录Tests.xctest */ = {isa = PBXFileReference; explicitFileType = wrapper.cfbundle; includeInIndex = 0; path = "用户登录Tests.xctest"; sourceTree = BUILT_PRODUCTS_DIR; };
		7D443D761BDC700C00EB4731 /* Info.plist */ = {isa = PBXFileReference; lastKnownFileType = text.plist.xml; path = Info.plist; sourceTree = "<group>"; };
		7D443D771BDC700C00EB4731 /* ____Tests.m */ = {isa = PBXFileReference; lastKnownFileType = sourcecode.c.objc; path = "____Tests.m"; sourceTree = "<group>"; };
/* End PBXFileReference section */

/* Begin PBXFrameworksBuildPhase section */
		7D443D551BDC700C00EB4731 /* Frameworks */ = {
			isa = PBXFrameworksBuildPhase;
			buildActionMask = 2147483647;
			files = (
			);
			runOnlyForDeploymentPostprocessing = 0;
		};
		7D443D6E1BDC700C00EB4731 /* Frameworks */ = {
			isa = PBXFrameworksBuildPhase;
			buildActionMask = 2147483647;
			files = (
			);
			runOnlyForDeploymentPostprocessing = 0;
		};
/* End PBXFrameworksBuildPhase section */

/* Begin PBXGroup section */
		7D443D4F1BDC700C00EB4731 = {
			isa = PBXGroup;
			children = (
				7D443D5A1BDC700C00EB4731 /* 用户登录 */,
				7D443D741BDC700C00EB4731 /* 用户登录Tests */,
				7D443D591BDC700C00EB4731 /* Products */,
			);
			sourceTree = "<group>";
		};
		7D443D591BDC700C00EB4731 /* Products */ = {
			isa = PBXGroup;
			children = (
				7D443D581BDC700C00EB4731 /* 用户登录.app */,
				7D443D711BDC700C00EB4731 /* 用户登录Tests.xctest */,
			);
			name = Products;
			sourceTree = "<group>";
		};
		7D443D5A1BDC700C00EB4731 /* 用户登录 */ = {
			isa = PBXGroup;
			children = (
				7D443D5F1BDC700C00EB4731 /* AppDelegate.h */,
				7D443D601BDC700C00EB4731 /* AppDelegate.m */,
				7D443D621BDC700C00EB4731 /* ViewController.h */,
				7D443D631BDC700C00EB4731 /* ViewController.m */,
				7D443D651BDC700C00EB4731 /* Main.storyboard */,
				7D443D681BDC700C00EB4731 /* Images.xcassets */,
				7D443D6A1BDC700C00EB4731 /* LaunchScreen.xib */,
				7D443D5B1BDC700C00EB4731 /* Supporting Files */,
			);
			path = "用户登录";
			sourceTree = "<group>";
		};
		7D443D5B1BDC700C00EB4731 /* Supporting Files */ = {
			isa = PBXGroup;
			children = (
				7D443D5C1BDC700C00EB4731 /* Info.plist */,
				7D443D5D1BDC700C00EB4731 /* main.m */,
			);
			name = "Supporting Files";
			sourceTree = "<group>";
		};
		7D443D741BDC700C00EB4731 /* 用户登录Tests */ = {
			isa = PBXGroup;
			children = (
				7D443D771BDC700C00EB4731 /* ____Tests.m */,
				7D443D751BDC700C00EB4731 /* Supporting Files */,
			);
			path = "用户登录Tests";
			sourceTree = "<group>";
		};
		7D443D751BDC700C00EB4731 /* Supporting Files */ = {
			isa = PBXGroup;
			children = (
				7D443D761BDC700C00EB4731 /* Info.plist */,
			);
			name = "Supporting Files";
			sourceTree = "<group>";
		};
/* End PBXGroup section */

/* Begin PBXNativeTarget section */
		7D443D571BDC700C00EB4731 /* 用户登录 */ = {
			isa = PBXNativeTarget;
			buildConfigurationList = 7D443D7B1BDC700C00EB4731 /* Build configuration list for PBXNativeTarget "用户登录" */;
			buildPhases = (
				7D443D541BDC700C00EB4731 /* Sources */,
				7D443D551BDC700C00EB4731 /* Frameworks */,
				7D443D561BDC700C00EB4731 /* Resources */,
			);
			buildRules = (
			);
			dependencies = (
			);
			name = "用户登录";
			productName = "用户登录";
			productReference = 7D443D581BDC700C00EB4731 /* 用户登录.app */;
			productType = "com.apple.product-type.application";
		};
		7D443D701BDC700C00EB4731 /* 用户登录Tests */ = {
			isa = PBXNativeTarget;
			buildConfigurationList = 7D443D7E1BDC700C00EB4731 /* Build configuration list for PBXNativeTarget "用户登录Tests" */;
			buildPhases = (
				7D443D6D1BDC700C00EB4731 /* Sources */,
				7D443D6E1BDC700C00EB4731 /* Frameworks */,
				7D443D6F1BDC700C00EB4731 /* Resources */,
			);
			buildRules = (
			);
			dependencies = (
				7D443D731BDC700C00EB4731 /* PBXTargetDependency */,
			);
			name = "用户登录Tests";
			productName = "用户登录Tests";
			productReference = 7D443D711BDC700C00EB4731 /* 用户登录Tests.xctest */;
			productType = "com.apple.product-type.bundle.unit-test";
		};
/* End PBXNativeTarget section */

/* Begin PBXProject section */
		7D443D501BDC700C00EB4731 /* Project object */ = {
			isa = PBXProject;
			attributes = {
				LastUpgradeCheck = 0640;
				ORGANIZATIONNAME = NFL;
				TargetAttributes = {
					7D443D571BDC700C00EB4731 = {
						CreatedOnToolsVersion = 6.4;
					};
					7D443D701BDC700C00EB4731 = {
						CreatedOnToolsVersion = 6.4;
						TestTargetID = 7D443D571BDC700C00EB4731;
					};
				};
			};
			buildConfigurationList = 7D443D531BDC700C00EB4731 /* Build configuration list for PBXProject "用户登录" */;
			compatibilityVersion = "Xcode 3.2";
			developmentRegion = English;
			hasScannedForEncodings = 0;
			knownRegions = (
				en,
				Base,
			);
			mainGroup = 7D443D4F1BDC700C00EB4731;
			productRefGroup = 7D443D591BDC700C00EB4731 /* Products */;
			projectDirPath = "";
			projectRoot = "";
			targets = (
				7D443D571BDC700C00EB4731 /* 用户登录 */,
				7D443D701BDC700C00EB4731 /* 用户登录Tests */,
			);
		};
/* End PBXProject section */

/* Begin PBXResourcesBuildPhase section */
		7D443D561BDC700C00EB4731 /* Resources */ = {
			isa = PBXResourcesBuildPhase;
			buildActionMask = 2147483647;
			files = (
				7D443D671BDC700C00EB4731 /* Main.storyboard in Resources */,
				7D443D6C1BDC700C00EB4731 /* LaunchScreen.xib in Resources */,
				7D443D691BDC700C00EB4731 /* Images.xcassets in Resources */,
			);
			runOnlyForDeploymentPostprocessing = 0;
		};
		7D443D6F1BDC700C00EB4731 /* Resources */ = {
			isa = PBXResourcesBuildPhase;
			buildActionMask = 2147483647;
			files = (
			);
			runOnlyForDeploymentPostprocessing = 0;
		};
/* End PBXResourcesBuildPhase section */

/* Begin PBXSourcesBuildPhase section */
		7D443D541BDC700C00EB4731 /* Sources */ = {
			isa = PBXSourcesBuildPhase;
			buildActionMask = 2147483647;
			files = (
				7D443D641BDC700C00EB4731 /* ViewController.m in Sources */,
				7D443D611BDC700C00EB4731 /* AppDelegate.m in Sources */,
				7D443D5E1BDC700C00EB4731 /* main.m in Sources */,
			);
			runOnlyForDeploymentPostprocessing = 0;
		};
		7D443D6D1BDC700C00EB4731 /* Sources */ = {
			isa = PBXSourcesBuildPhase;
			buildActionMask = 2147483647;
			files = (
				7D443D781BDC700C00EB4731 /* ____Tests.m in Sources */,
			);
			runOnlyForDeploymentPostprocessing = 0;
		};
/* End PBXSourcesBuildPhase section */

/* Begin PBXTargetDependency section */
		7D443D731BDC700C00EB4731 /* PBXTargetDependency */ = {
			isa = PBXTargetDependency;
			target = 7D443D571BDC700C00EB4731 /* 用户登录 */;
			targetProxy = 7D443D721BDC700C00EB4731 /* PBXContainerItemProxy */;
		};
/* End PBXTargetDependency section */

/* Begin PBXVariantGroup section */
		7D443D651BDC700C00EB4731 /* Main.storyboard */ = {
			isa = PBXVariantGroup;
			children = (
				7D443D661BDC700C00EB4731 /* Base */,
			);
			name = Main.storyboard;
			sourceTree = "<group>";
		};
		7D443D6A1BDC700C00EB4731 /* LaunchScreen.xib */ = {
			isa = PBXVariantGroup;
			children = (
				7D443D6B1BDC700C00EB4731 /* Base */,
			);
			name = LaunchScreen.xib;
			sourceTree = "<group>";
		};
/* End PBXVariantGroup section */

/* Begin XCBuildConfiguration section */
		7D443D791BDC700C00EB4731 /* Debug */ = {
			isa = XCBuildConfiguration;
			buildSettings = {
				ALWAYS_SEARCH_USER_PATHS = NO;
				CLANG_CXX_LANGUAGE_STANDARD = "gnu++0x";
				CLANG_CXX_LIBRARY = "libc++";
				CLANG_ENABLE_MODULES = YES;
				CLANG_ENABLE_OBJC_ARC = YES;
				CLANG_WARN_BOOL_CONVERSION = YES;
				CLANG_WARN_CONSTANT_CONVERSION = YES;
				CLANG_WARN_DIRECT_OBJC_ISA_USAGE = YES_ERROR;
				CLANG_WARN_EMPTY_BODY = YES;
				CLANG_WARN_ENUM_CONVERSION = YES;
				CLANG_WARN_INT_CONVERSION = YES;
				CLANG_WARN_OBJC_ROOT_CLASS = YES_ERROR;
				CLANG_WARN_UNREACHABLE_CODE = YES;
				CLANG_WARN__DUPLICATE_METHOD_MATCH = YES;
				"CODE_SIGN_IDENTITY[sdk=iphoneos*]" = "iPhone Developer";
				COPY_PHASE_STRIP = NO;
				DEBUG_INFORMATION_FORMAT = "dwarf-with-dsym";
				ENABLE_STRICT_OBJC_MSGSEND = YES;
				GCC_C_LANGUAGE_STANDARD = gnu99;
				GCC_DYNAMIC_NO_PIC = NO;
				GCC_NO_COMMON_BLOCKS = YES;
				GCC_OPTIMIZATION_LEVEL = 0;
				GCC_PREPROCESSOR_DEFINITIONS = (
					"DEBUG=1",
					"$(inherited)",
				);
				GCC_SYMBOLS_PRIVATE_EXTERN = NO;
				GCC_WARN_64_TO_32_BIT_CONVERSION = YES;
				GCC_WARN_ABOUT_RETURN_TYPE = YES_ERROR;
				GCC_WARN_UNDECLARED_SELECTOR = YES;
				GCC_WARN_UNINITIALIZED_AUTOS = YES_AGGRESSIVE;
				GCC_WARN_UNUSED_FUNCTION = YES;
				GCC_WARN_UNUSED_VARIABLE = YES;
				IPHONEOS_DEPLOYMENT_TARGET = 8.4;
				MTL_ENABLE_DEBUG_INFO = YES;
				ONLY_ACTIVE_ARCH = YES;
				SDKROOT = iphoneos;
			};
			name = Debug;
		};
		7D443D7A1BDC700C00EB4731 /* Release */ = {
			isa = XCBuildConfiguration;
			buildSettings = {
				ALWAYS_SEARCH_USER_PATHS = NO;
				CLANG_CXX_LANGUAGE_STANDARD = "gnu++0x";
				CLANG_CXX_LIBRARY = "libc++";
				CLANG_ENABLE_MODULES = YES;
				CLANG_ENABLE_OBJC_ARC = YES;
				CLANG_WARN_BOOL_CONVERSION = YES;
				CLANG_WARN_CONSTANT_CONVERSION = YES;
				CLANG_WARN_DIRECT_OBJC_ISA_USAGE = YES_ERROR;
				CLANG_WARN_EMPTY_BODY = YES;
				CLANG_WARN_ENUM_CONVERSION = YES;
				CLANG_WARN_INT_CONVERSION = YES;
				CLANG_WARN_OBJC_ROOT_CLASS = YES_ERROR;
				CLANG_WARN_UNREACHABLE_CODE = YES;
				CLANG_WARN__DUPLICATE_METHOD_MATCH = YES;
				"CODE_SIGN_IDENTITY[sdk=iphoneos*]" = "iPhone Developer";
				COPY_PHASE_STRIP = NO;
				DEBUG_INFORMATION_FORMAT = "dwarf-with-dsym";
				ENABLE_NS_ASSERTIONS = NO;
				ENABLE_STRICT_OBJC_MSGSEND = YES;
				GCC_C_LANGUAGE_STANDARD = gnu99;
				GCC_NO_COMMON_BLOCKS = YES;
				GCC_WARN_64_TO_32_BIT_CONVERSION = YES;
				GCC_WARN_ABOUT_RETURN_TYPE = YES_ERROR;
				GCC_WARN_UNDECLARED_SELECTOR = YES;
				GCC_WARN_UNINITIALIZED_AUTOS = YES_AGGRESSIVE;
				GCC_WARN_UNUSED_FUNCTION = YES;
				GCC_WARN_UNUSED_VARIABLE = YES;
				IPHONEOS_DEPLOYMENT_TARGET = 8.4;
				MTL_ENABLE_DEBUG_INFO = NO;
				SDKROOT = iphoneos;
				VALIDATE_PRODUCT = YES;
			};
			name = Release;
		};
		7D443D7C1BDC700C00EB4731 /* Debug */ = {
			isa = XCBuildConfiguration;
			buildSettings = {
				ASSETCATALOG_COMPILER_APPICON_NAME = AppIcon;
				INFOPLIST_FILE = "用户登录/Info.plist";
				LD_RUNPATH_SEARCH_PATHS = "$(inherited) @executable_path/Frameworks";
				PRODUCT_NAME = "$(TARGET_NAME)";
			};
			name = Debug;
		};
		7D443D7D1BDC700C00EB4731 /* Release */ = {
			isa = XCBuildConfiguration;
			buildSettings = {
				ASSETCATALOG_COMPILER_APPICON_NAME = AppIcon;
				INFOPLIST_FILE = "用户登录/Info.plist";
				LD_RUNPATH_SEARCH_PATHS = "$(inherited) @executable_path/Frameworks";
				PRODUCT_NAME = "$(TARGET_NAME)";
			};
			name = Release;
		};
		7D443D7F1BDC700C00EB4731 /* Debug */ = {
			isa = XCBuildConfiguration;
			buildSettings = {
				BUNDLE_LOADER = "$(TEST_HOST)";
				FRAMEWORK_SEARCH_PATHS = (
					"$(SDKROOT)/Developer/Library/Frameworks",
					"$(inherited)",
				);
				GCC_PREPROCESSOR_DEFINITIONS = (
					"DEBUG=1",
					"$(inherited)",
				);
				INFOPLIST_FILE = "用户登录Tests/Info.plist";
				LD_RUNPATH_SEARCH_PATHS = "$(inherited) @executable_path/Frameworks @loader_path/Frameworks";
				PRODUCT_NAME = "$(TARGET_NAME)";
				TEST_HOST = "$(BUILT_PRODUCTS_DIR)/用户登录.app/用户登录";
			};
			name = Debug;
		};
		7D443D801BDC700C00EB4731 /* Release */ = {
			isa = XCBuildConfiguration;
			buildSettings = {
				BUNDLE_LOADER = "$(TEST_HOST)";
				FRAMEWORK_SEARCH_PATHS = (
					"$(SDKROOT)/Developer/Library/Frameworks",
					"$(inherited)",
				);
				INFOPLIST_FILE = "用户登录Tests/Info.plist";
				LD_RUNPATH_SEARCH_PATHS = "$(inherited) @executable_path/Frameworks @loader_path/Frameworks";
				PRODUCT_NAME = "$(TARGET_NAME)";
				TEST_HOST = "$(BUILT_PRODUCTS_DIR)/用户登录.app/用户登录";
			};
			name = Release;
		};
/* End XCBuildConfiguration section */

/* Begin XCConfigurationList section */
		7D443D531BDC700C00EB4731 /* Build configuration list for PBXProject "用户登录" */ = {
			isa = XCConfigurationList;
			buildConfigurations = (
				7D443D791BDC700C00EB4731 /* Debug */,
				7D443D7A1BDC700C00EB4731 /* Release */,
			);
			defaultConfigurationIsVisible = 0;
			defaultConfigurationName = Release;
		};
		7D443D7B1BDC700C00EB4731 /* Build configuration list for PBXNativeTarget "用户登录" */ = {
			isa = XCConfigurationList;
			buildConfigurations = (
				7D443D7C1BDC700C00EB4731 /* Debug */,
				7D443D7D1BDC700C00EB4731 /* Release */,
			);
			defaultConfigurationIsVisible = 0;
		};
		7D443D7E1BDC700C00EB4731 /* Build configuration list for PBXNativeTarget "用户登录Tests" */ = {
			isa = XCConfigurationList;
			buildConfigurations = (
				7D443D7F1BDC700C00EB4731 /* Debug */,
				7D443D801BDC700C00EB4731 /* Release */,
			);
			defaultConfigurationIsVisible = 0;
		};
/* End XCConfigurationList section */
	};
	rootObject = 7D443D501BDC700C00EB4731 /* Project object */;
}
