// !$*UTF8*$!
{
	archiveVersion = 1;
	classes = {
	};
	objectVersion = 46;
	objects = {

/* Begin PBXBuildFile section */
		7DC4E0C01C469EF90047684E /* main.m in Sources */ = {isa = PBXBuildFile; fileRef = 7DC4E0BF1C469EF90047684E /* main.m */; };
		7DC4E0C91C469EF90047684E /* Main.storyboard in Resources */ = {isa = PBXBuildFile; fileRef = 7DC4E0C71C469EF90047684E /* Main.storyboard */; };
		7DC4E0CB1C469EF90047684E /* Images.xcassets in Resources */ = {isa = PBXBuildFile; fileRef = 7DC4E0CA1C469EF90047684E /* Images.xcassets */; };
		7DC4E0CE1C469EF90047684E /* LaunchScreen.xib in Resources */ = {isa = PBXBuildFile; fileRef = 7DC4E0CC1C469EF90047684E /* LaunchScreen.xib */; };
		7DC4E0DA1C469EF90047684E /* ____Tests.m in Sources */ = {isa = PBXBuildFile; fileRef = 7DC4E0D91C469EF90047684E /* ____Tests.m */; };
		7DC4E0EC1C469F670047684E /* ViewController.m in Sources */ = {isa = PBXBuildFile; fileRef = 7DC4E0E61C469F670047684E /* ViewController.m */; };
		7DC4E0ED1C469F670047684E /* AppDelegate.m in Sources */ = {isa = PBXBuildFile; fileRef = 7DC4E0EA1C469F670047684E /* AppDelegate.m */; };
		7DC4E0EF1C469F840047684E /* provinces.plist in Resources */ = {isa = PBXBuildFile; fileRef = 7DC4E0EE1C469F840047684E /* provinces.plist */; };
		7DC4E0F21C469FBB0047684E /* NFLProvinces.m in Sources */ = {isa = PBXBuildFile; fileRef = 7DC4E0F11C469FBB0047684E /* NFLProvinces.m */; };
/* End PBXBuildFile section */

/* Begin PBXContainerItemProxy section */
		7DC4E0D41C469EF90047684E /* PBXContainerItemProxy */ = {
			isa = PBXContainerItemProxy;
			containerPortal = 7DC4E0B21C469EF90047684E /* Project object */;
			proxyType = 1;
			remoteGlobalIDString = 7DC4E0B91C469EF90047684E;
			remoteInfo = "省市联动";
		};
/* End PBXContainerItemProxy section */

/* Begin PBXFileReference section */
		7DC4E0BA1C469EF90047684E /* 省市联动.app */ = {isa = PBXFileReference; explicitFileType = wrapper.application; includeInIndex = 0; path = "省市联动.app"; sourceTree = BUILT_PRODUCTS_DIR; };
		7DC4E0BE1C469EF90047684E /* Info.plist */ = {isa = PBXFileReference; lastKnownFileType = text.plist.xml; path = Info.plist; sourceTree = "<group>"; };
		7DC4E0BF1C469EF90047684E /* main.m */ = {isa = PBXFileReference; lastKnownFileType = sourcecode.c.objc; path = main.m; sourceTree = "<group>"; };
		7DC4E0C81C469EF90047684E /* Base */ = {isa = PBXFileReference; lastKnownFileType = file.storyboard; name = Base; path = Base.lproj/Main.storyboard; sourceTree = "<group>"; };
		7DC4E0CA1C469EF90047684E /* Images.xcassets */ = {isa = PBXFileReference; lastKnownFileType = folder.assetcatalog; path = Images.xcassets; sourceTree = "<group>"; };
		7DC4E0CD1C469EF90047684E /* Base */ = {isa = PBXFileReference; lastKnownFileType = file.xib; name = Base; path = Base.lproj/LaunchScreen.xib; sourceTree = "<group>"; };
		7DC4E0D31C469EF90047684E /* 省市联动Tests.xctest */ = {isa = PBXFileReference; explicitFileType = wrapper.cfbundle; includeInIndex = 0; path = "省市联动Tests.xctest"; sourceTree = BUILT_PRODUCTS_DIR; };
		7DC4E0D81C469EF90047684E /* Info.plist */ = {isa = PBXFileReference; lastKnownFileType = text.plist.xml; path = Info.plist; sourceTree = "<group>"; };
		7DC4E0D91C469EF90047684E /* ____Tests.m */ = {isa = PBXFileReference; lastKnownFileType = sourcecode.c.objc; path = "____Tests.m"; sourceTree = "<group>"; };
		7DC4E0E51C469F670047684E /* ViewController.h */ = {isa = PBXFileReference; fileEncoding = 4; lastKnownFileType = sourcecode.c.h; path = ViewController.h; sourceTree = "<group>"; };
		7DC4E0E61C469F670047684E /* ViewController.m */ = {isa = PBXFileReference; fileEncoding = 4; lastKnownFileType = sourcecode.c.objc; path = ViewController.m; sourceTree = "<group>"; };
		7DC4E0E91C469F670047684E /* AppDelegate.h */ = {isa = PBXFileReference; fileEncoding = 4; lastKnownFileType = sourcecode.c.h; path = AppDelegate.h; sourceTree = "<group>"; };
		7DC4E0EA1C469F670047684E /* AppDelegate.m */ = {isa = PBXFileReference; fileEncoding = 4; lastKnownFileType = sourcecode.c.objc; path = AppDelegate.m; sourceTree = "<group>"; };
		7DC4E0EE1C469F840047684E /* provinces.plist */ = {isa = PBXFileReference; fileEncoding = 4; lastKnownFileType = text.plist.xml; path = provinces.plist; sourceTree = "<group>"; };
		7DC4E0F01C469FBB0047684E /* NFLProvinces.h */ = {isa = PBXFileReference; fileEncoding = 4; lastKnownFileType = sourcecode.c.h; path = NFLProvinces.h; sourceTree = "<group>"; };
		7DC4E0F11C469FBB0047684E /* NFLProvinces.m */ = {isa = PBXFileReference; fileEncoding = 4; lastKnownFileType = sourcecode.c.objc; path = NFLProvinces.m; sourceTree = "<group>"; };
/* End PBXFileReference section */

/* Begin PBXFrameworksBuildPhase section */
		7DC4E0B71C469EF90047684E /* Frameworks */ = {
			isa = PBXFrameworksBuildPhase;
			buildActionMask = 2147483647;
			files = (
			);
			runOnlyForDeploymentPostprocessing = 0;
		};
		7DC4E0D01C469EF90047684E /* Frameworks */ = {
			isa = PBXFrameworksBuildPhase;
			buildActionMask = 2147483647;
			files = (
			);
			runOnlyForDeploymentPostprocessing = 0;
		};
/* End PBXFrameworksBuildPhase section */

/* Begin PBXGroup section */
		7DC4E0B11C469EF90047684E = {
			isa = PBXGroup;
			children = (
				7DC4E0BC1C469EF90047684E /* 省市联动 */,
				7DC4E0D61C469EF90047684E /* 省市联动Tests */,
				7DC4E0BB1C469EF90047684E /* Products */,
			);
			sourceTree = "<group>";
		};
		7DC4E0BB1C469EF90047684E /* Products */ = {
			isa = PBXGroup;
			children = (
				7DC4E0BA1C469EF90047684E /* 省市联动.app */,
				7DC4E0D31C469EF90047684E /* 省市联动Tests.xctest */,
			);
			name = Products;
			sourceTree = "<group>";
		};
		7DC4E0BC1C469EF90047684E /* 省市联动 */ = {
			isa = PBXGroup;
			children = (
				7DC4E0E31C469F670047684E /* Classes */,
				7DC4E0BD1C469EF90047684E /* Supporting Files */,
			);
			path = "省市联动";
			sourceTree = "<group>";
		};
		7DC4E0BD1C469EF90047684E /* Supporting Files */ = {
			isa = PBXGroup;
			children = (
				7DC4E0EE1C469F840047684E /* provinces.plist */,
				7DC4E0C71C469EF90047684E /* Main.storyboard */,
				7DC4E0CA1C469EF90047684E /* Images.xcassets */,
				7DC4E0CC1C469EF90047684E /* LaunchScreen.xib */,
				7DC4E0BE1C469EF90047684E /* Info.plist */,
				7DC4E0BF1C469EF90047684E /* main.m */,
			);
			name = "Supporting Files";
			sourceTree = "<group>";
		};
		7DC4E0D61C469EF90047684E /* 省市联动Tests */ = {
			isa = PBXGroup;
			children = (
				7DC4E0D91C469EF90047684E /* ____Tests.m */,
				7DC4E0D71C469EF90047684E /* Supporting Files */,
			);
			path = "省市联动Tests";
			sourceTree = "<group>";
		};
		7DC4E0D71C469EF90047684E /* Supporting Files */ = {
			isa = PBXGroup;
			children = (
				7DC4E0D81C469EF90047684E /* Info.plist */,
			);
			name = "Supporting Files";
			sourceTree = "<group>";
		};
		7DC4E0E31C469F670047684E /* Classes */ = {
			isa = PBXGroup;
			children = (
				7DC4E0E41C469F670047684E /* Controllers */,
				7DC4E0E71C469F670047684E /* Models */,
				7DC4E0E81C469F670047684E /* Others */,
				7DC4E0EB1C469F670047684E /* Views */,
			);
			path = Classes;
			sourceTree = "<group>";
		};
		7DC4E0E41C469F670047684E /* Controllers */ = {
			isa = PBXGroup;
			children = (
				7DC4E0E51C469F670047684E /* ViewController.h */,
				7DC4E0E61C469F670047684E /* ViewController.m */,
			);
			path = Controllers;
			sourceTree = "<group>";
		};
		7DC4E0E71C469F670047684E /* Models */ = {
			isa = PBXGroup;
			children = (
				7DC4E0F01C469FBB0047684E /* NFLProvinces.h */,
				7DC4E0F11C469FBB0047684E /* NFLProvinces.m */,
			);
			path = Models;
			sourceTree = "<group>";
		};
		7DC4E0E81C469F670047684E /* Others */ = {
			isa = PBXGroup;
			children = (
				7DC4E0E91C469F670047684E /* AppDelegate.h */,
				7DC4E0EA1C469F670047684E /* AppDelegate.m */,
			);
			path = Others;
			sourceTree = "<group>";
		};
		7DC4E0EB1C469F670047684E /* Views */ = {
			isa = PBXGroup;
			children = (
			);
			path = Views;
			sourceTree = "<group>";
		};
/* End PBXGroup section */

/* Begin PBXNativeTarget section */
		7DC4E0B91C469EF90047684E /* 省市联动 */ = {
			isa = PBXNativeTarget;
			buildConfigurationList = 7DC4E0DD1C469EF90047684E /* Build configuration list for PBXNativeTarget "省市联动" */;
			buildPhases = (
				7DC4E0B61C469EF90047684E /* Sources */,
				7DC4E0B71C469EF90047684E /* Frameworks */,
				7DC4E0B81C469EF90047684E /* Resources */,
			);
			buildRules = (
			);
			dependencies = (
			);
			name = "省市联动";
			productName = "省市联动";
			productReference = 7DC4E0BA1C469EF90047684E /* 省市联动.app */;
			productType = "com.apple.product-type.application";
		};
		7DC4E0D21C469EF90047684E /* 省市联动Tests */ = {
			isa = PBXNativeTarget;
			buildConfigurationList = 7DC4E0E01C469EF90047684E /* Build configuration list for PBXNativeTarget "省市联动Tests" */;
			buildPhases = (
				7DC4E0CF1C469EF90047684E /* Sources */,
				7DC4E0D01C469EF90047684E /* Frameworks */,
				7DC4E0D11C469EF90047684E /* Resources */,
			);
			buildRules = (
			);
			dependencies = (
				7DC4E0D51C469EF90047684E /* PBXTargetDependency */,
			);
			name = "省市联动Tests";
			productName = "省市联动Tests";
			productReference = 7DC4E0D31C469EF90047684E /* 省市联动Tests.xctest */;
			productType = "com.apple.product-type.bundle.unit-test";
		};
/* End PBXNativeTarget section */

/* Begin PBXProject section */
		7DC4E0B21C469EF90047684E /* Project object */ = {
			isa = PBXProject;
			attributes = {
				LastUpgradeCheck = 0640;
				ORGANIZATIONNAME = NFL;
				TargetAttributes = {
					7DC4E0B91C469EF90047684E = {
						CreatedOnToolsVersion = 6.4;
					};
					7DC4E0D21C469EF90047684E = {
						CreatedOnToolsVersion = 6.4;
						TestTargetID = 7DC4E0B91C469EF90047684E;
					};
				};
			};
			buildConfigurationList = 7DC4E0B51C469EF90047684E /* Build configuration list for PBXProject "省市联动" */;
			compatibilityVersion = "Xcode 3.2";
			developmentRegion = English;
			hasScannedForEncodings = 0;
			knownRegions = (
				en,
				Base,
			);
			mainGroup = 7DC4E0B11C469EF90047684E;
			productRefGroup = 7DC4E0BB1C469EF90047684E /* Products */;
			projectDirPath = "";
			projectRoot = "";
			targets = (
				7DC4E0B91C469EF90047684E /* 省市联动 */,
				7DC4E0D21C469EF90047684E /* 省市联动Tests */,
			);
		};
/* End PBXProject section */

/* Begin PBXResourcesBuildPhase section */
		7DC4E0B81C469EF90047684E /* Resources */ = {
			isa = PBXResourcesBuildPhase;
			buildActionMask = 2147483647;
			files = (
				7DC4E0C91C469EF90047684E /* Main.storyboard in Resources */,
				7DC4E0CE1C469EF90047684E /* LaunchScreen.xib in Resources */,
				7DC4E0EF1C469F840047684E /* provinces.plist in Resources */,
				7DC4E0CB1C469EF90047684E /* Images.xcassets in Resources */,
			);
			runOnlyForDeploymentPostprocessing = 0;
		};
		7DC4E0D11C469EF90047684E /* Resources */ = {
			isa = PBXResourcesBuildPhase;
			buildActionMask = 2147483647;
			files = (
			);
			runOnlyForDeploymentPostprocessing = 0;
		};
/* End PBXResourcesBuildPhase section */

/* Begin PBXSourcesBuildPhase section */
		7DC4E0B61C469EF90047684E /* Sources */ = {
			isa = PBXSourcesBuildPhase;
			buildActionMask = 2147483647;
			files = (
				7DC4E0EC1C469F670047684E /* ViewController.m in Sources */,
				7DC4E0C01C469EF90047684E /* main.m in Sources */,
				7DC4E0F21C469FBB0047684E /* NFLProvinces.m in Sources */,
				7DC4E0ED1C469F670047684E /* AppDelegate.m in Sources */,
			);
			runOnlyForDeploymentPostprocessing = 0;
		};
		7DC4E0CF1C469EF90047684E /* Sources */ = {
			isa = PBXSourcesBuildPhase;
			buildActionMask = 2147483647;
			files = (
				7DC4E0DA1C469EF90047684E /* ____Tests.m in Sources */,
			);
			runOnlyForDeploymentPostprocessing = 0;
		};
/* End PBXSourcesBuildPhase section */

/* Begin PBXTargetDependency section */
		7DC4E0D51C469EF90047684E /* PBXTargetDependency */ = {
			isa = PBXTargetDependency;
			target = 7DC4E0B91C469EF90047684E /* 省市联动 */;
			targetProxy = 7DC4E0D41C469EF90047684E /* PBXContainerItemProxy */;
		};
/* End PBXTargetDependency section */

/* Begin PBXVariantGroup section */
		7DC4E0C71C469EF90047684E /* Main.storyboard */ = {
			isa = PBXVariantGroup;
			children = (
				7DC4E0C81C469EF90047684E /* Base */,
			);
			name = Main.storyboard;
			sourceTree = "<group>";
		};
		7DC4E0CC1C469EF90047684E /* LaunchScreen.xib */ = {
			isa = PBXVariantGroup;
			children = (
				7DC4E0CD1C469EF90047684E /* Base */,
			);
			name = LaunchScreen.xib;
			sourceTree = "<group>";
		};
/* End PBXVariantGroup section */

/* Begin XCBuildConfiguration section */
		7DC4E0DB1C469EF90047684E /* Debug */ = {
			isa = XCBuildConfiguration;
			buildSettings = {
				ALWAYS_SEARCH_USER_PATHS = NO;
				CLANG_CXX_LANGUAGE_STANDARD = "gnu++0x";
				CLANG_CXX_LIBRARY = "libc++";
				CLANG_ENABLE_MODULES = YES;
				CLANG_ENABLE_OBJC_ARC = YES;
				CLANG_WARN_BOOL_CONVERSION = YES;
				CLANG_WARN_CONSTANT_CONVERSION = YES;
				CLANG_WARN_DIRECT_OBJC_ISA_USAGE = YES_ERROR;
				CLANG_WARN_EMPTY_BODY = YES;
				CLANG_WARN_ENUM_CONVERSION = YES;
				CLANG_WARN_INT_CONVERSION = YES;
				CLANG_WARN_OBJC_ROOT_CLASS = YES_ERROR;
				CLANG_WARN_UNREACHABLE_CODE = YES;
				CLANG_WARN__DUPLICATE_METHOD_MATCH = YES;
				"CODE_SIGN_IDENTITY[sdk=iphoneos*]" = "iPhone Developer";
				COPY_PHASE_STRIP = NO;
				DEBUG_INFORMATION_FORMAT = "dwarf-with-dsym";
				ENABLE_STRICT_OBJC_MSGSEND = YES;
				GCC_C_LANGUAGE_STANDARD = gnu99;
				GCC_DYNAMIC_NO_PIC = NO;
				GCC_NO_COMMON_BLOCKS = YES;
				GCC_OPTIMIZATION_LEVEL = 0;
				GCC_PREPROCESSOR_DEFINITIONS = (
					"DEBUG=1",
					"$(inherited)",
				);
				GCC_SYMBOLS_PRIVATE_EXTERN = NO;
				GCC_WARN_64_TO_32_BIT_CONVERSION = YES;
				GCC_WARN_ABOUT_RETURN_TYPE = YES_ERROR;
				GCC_WARN_UNDECLARED_SELECTOR = YES;
				GCC_WARN_UNINITIALIZED_AUTOS = YES_AGGRESSIVE;
				GCC_WARN_UNUSED_FUNCTION = YES;
				GCC_WARN_UNUSED_VARIABLE = YES;
				IPHONEOS_DEPLOYMENT_TARGET = 8.4;
				MTL_ENABLE_DEBUG_INFO = YES;
				ONLY_ACTIVE_ARCH = YES;
				SDKROOT = iphoneos;
			};
			name = Debug;
		};
		7DC4E0DC1C469EF90047684E /* Release */ = {
			isa = XCBuildConfiguration;
			buildSettings = {
				ALWAYS_SEARCH_USER_PATHS = NO;
				CLANG_CXX_LANGUAGE_STANDARD = "gnu++0x";
				CLANG_CXX_LIBRARY = "libc++";
				CLANG_ENABLE_MODULES = YES;
				CLANG_ENABLE_OBJC_ARC = YES;
				CLANG_WARN_BOOL_CONVERSION = YES;
				CLANG_WARN_CONSTANT_CONVERSION = YES;
				CLANG_WARN_DIRECT_OBJC_ISA_USAGE = YES_ERROR;
				CLANG_WARN_EMPTY_BODY = YES;
				CLANG_WARN_ENUM_CONVERSION = YES;
				CLANG_WARN_INT_CONVERSION = YES;
				CLANG_WARN_OBJC_ROOT_CLASS = YES_ERROR;
				CLANG_WARN_UNREACHABLE_CODE = YES;
				CLANG_WARN__DUPLICATE_METHOD_MATCH = YES;
				"CODE_SIGN_IDENTITY[sdk=iphoneos*]" = "iPhone Developer";
				COPY_PHASE_STRIP = NO;
				DEBUG_INFORMATION_FORMAT = "dwarf-with-dsym";
				ENABLE_NS_ASSERTIONS = NO;
				ENABLE_STRICT_OBJC_MSGSEND = YES;
				GCC_C_LANGUAGE_STANDARD = gnu99;
				GCC_NO_COMMON_BLOCKS = YES;
				GCC_WARN_64_TO_32_BIT_CONVERSION = YES;
				GCC_WARN_ABOUT_RETURN_TYPE = YES_ERROR;
				GCC_WARN_UNDECLARED_SELECTOR = YES;
				GCC_WARN_UNINITIALIZED_AUTOS = YES_AGGRESSIVE;
				GCC_WARN_UNUSED_FUNCTION = YES;
				GCC_WARN_UNUSED_VARIABLE = YES;
				IPHONEOS_DEPLOYMENT_TARGET = 8.4;
				MTL_ENABLE_DEBUG_INFO = NO;
				SDKROOT = iphoneos;
				VALIDATE_PRODUCT = YES;
			};
			name = Release;
		};
		7DC4E0DE1C469EF90047684E /* Debug */ = {
			isa = XCBuildConfiguration;
			buildSettings = {
				ASSETCATALOG_COMPILER_APPICON_NAME = AppIcon;
				INFOPLIST_FILE = "省市联动/Info.plist";
				LD_RUNPATH_SEARCH_PATHS = "$(inherited) @executable_path/Frameworks";
				PRODUCT_NAME = "$(TARGET_NAME)";
			};
			name = Debug;
		};
		7DC4E0DF1C469EF90047684E /* Release */ = {
			isa = XCBuildConfiguration;
			buildSettings = {
				ASSETCATALOG_COMPILER_APPICON_NAME = AppIcon;
				INFOPLIST_FILE = "省市联动/Info.plist";
				LD_RUNPATH_SEARCH_PATHS = "$(inherited) @executable_path/Frameworks";
				PRODUCT_NAME = "$(TARGET_NAME)";
			};
			name = Release;
		};
		7DC4E0E11C469EF90047684E /* Debug */ = {
			isa = XCBuildConfiguration;
			buildSettings = {
				BUNDLE_LOADER = "$(TEST_HOST)";
				FRAMEWORK_SEARCH_PATHS = (
					"$(SDKROOT)/Developer/Library/Frameworks",
					"$(inherited)",
				);
				GCC_PREPROCESSOR_DEFINITIONS = (
					"DEBUG=1",
					"$(inherited)",
				);
				INFOPLIST_FILE = "省市联动Tests/Info.plist";
				LD_RUNPATH_SEARCH_PATHS = "$(inherited) @executable_path/Frameworks @loader_path/Frameworks";
				PRODUCT_NAME = "$(TARGET_NAME)";
				TEST_HOST = "$(BUILT_PRODUCTS_DIR)/省市联动.app/省市联动";
			};
			name = Debug;
		};
		7DC4E0E21C469EF90047684E /* Release */ = {
			isa = XCBuildConfiguration;
			buildSettings = {
				BUNDLE_LOADER = "$(TEST_HOST)";
				FRAMEWORK_SEARCH_PATHS = (
					"$(SDKROOT)/Developer/Library/Frameworks",
					"$(inherited)",
				);
				INFOPLIST_FILE = "省市联动Tests/Info.plist";
				LD_RUNPATH_SEARCH_PATHS = "$(inherited) @executable_path/Frameworks @loader_path/Frameworks";
				PRODUCT_NAME = "$(TARGET_NAME)";
				TEST_HOST = "$(BUILT_PRODUCTS_DIR)/省市联动.app/省市联动";
			};
			name = Release;
		};
/* End XCBuildConfiguration section */

/* Begin XCConfigurationList section */
		7DC4E0B51C469EF90047684E /* Build configuration list for PBXProject "省市联动" */ = {
			isa = XCConfigurationList;
			buildConfigurations = (
				7DC4E0DB1C469EF90047684E /* Debug */,
				7DC4E0DC1C469EF90047684E /* Release */,
			);
			defaultConfigurationIsVisible = 0;
			defaultConfigurationName = Release;
		};
		7DC4E0DD1C469EF90047684E /* Build configuration list for PBXNativeTarget "省市联动" */ = {
			isa = XCConfigurationList;
			buildConfigurations = (
				7DC4E0DE1C469EF90047684E /* Debug */,
				7DC4E0DF1C469EF90047684E /* Release */,
			);
			defaultConfigurationIsVisible = 0;
		};
		7DC4E0E01C469EF90047684E /* Build configuration list for PBXNativeTarget "省市联动Tests" */ = {
			isa = XCConfigurationList;
			buildConfigurations = (
				7DC4E0E11C469EF90047684E /* Debug */,
				7DC4E0E21C469EF90047684E /* Release */,
			);
			defaultConfigurationIsVisible = 0;
		};
/* End XCConfigurationList section */
	};
	rootObject = 7DC4E0B21C469EF90047684E /* Project object */;
}
